
Microsoft Visual Studio Solution File, Format Version 12.00
# Visual Studio Version 17
VisualStudioVersion = 17.9.34728.123
MinimumVisualStudioVersion = 10.0.40219.1
Project("{2150E333-8FDC-42A3-9474-1A3956D46DE8}") = "src", "src", "{B0C708B7-3579-4376-9BDC-C101DE0D0A08}"
EndProject
Project("{2150E333-8FDC-42A3-9474-1A3956D46DE8}") = "dal", "dal", "{E90BB52D-4880-47A6-9B4D-4E3BBCEF9CB8}"
EndProject
Project("{2150E333-8FDC-42A3-9474-1A3956D46DE8}") = "api", "api", "{7EEBD54A-D31F-4F45-8954-7F6D54CEBCFD}"
EndProject
Project("{2150E333-8FDC-42A3-9474-1A3956D46DE8}") = "core", "core", "{4F1EEC04-23DE-445B-8709-41A0B28A945F}"
EndProject
Project("{2150E333-8FDC-42A3-9474-1A3956D46DE8}") = "models", "models", "{854E7C5D-08B8-443A-9FBE-E763174FE198}"
EndProject
Project("{9A19103F-16F7-4668-BE54-9A1E7A4F7556}") = "FindiJobs.API", "src\api\FindiJobs.API\FindiJobs.API.csproj", "{E7EB388A-039D-45D7-A0F7-73BF309CACA3}"
EndProject
Project("{9A19103F-16F7-4668-BE54-9A1E7A4F7556}") = "FindiJobs.Core", "src\core\FindiJobs.Core\FindiJobs.Core.csproj", "{58DD6EF4-6383-486E-9414-B1C771C4ABE9}"
EndProject
Project("{9A19103F-16F7-4668-BE54-9A1E7A4F7556}") = "FindiJobs.Core.Interfaces", "src\core\FindiJobs.Core.Interfaces\FindiJobs.Core.Interfaces.csproj", "{93FC5321-579D-4170-B90B-4FD8E30F1E51}"
EndProject
Project("{9A19103F-16F7-4668-BE54-9A1E7A4F7556}") = "FindiJobs.Models", "src\models\FindiJobs.Models\FindiJobs.Models.csproj", "{2740FA32-2940-497E-914A-E3484DC123C4}"
EndProject
Project("{9A19103F-16F7-4668-BE54-9A1E7A4F7556}") = "FindiJobs.DAL.Interfaces", "src\dal\FindiJobs.DAL.Interfaces\FindiJobs.DAL.Interfaces.csproj", "{ECBC2697-7143-49C3-BB7A-B066311D6F5A}"
EndProject
Project("{9A19103F-16F7-4668-BE54-9A1E7A4F7556}") = "FindiJobs.DAL", "src\dal\FindiJobs.DAL\FindiJobs.DAL.csproj", "{8BD21D07-40A6-488A-9540-B6E9EBFF6E07}"
EndProject
Global
	GlobalSection(SolutionConfigurationPlatforms) = preSolution
		Debug|Any CPU = Debug|Any CPU
		Release|Any CPU = Release|Any CPU
	EndGlobalSection
	GlobalSection(ProjectConfigurationPlatforms) = postSolution
		{E7EB388A-039D-45D7-A0F7-73BF309CACA3}.Debug|Any CPU.ActiveCfg = Debug|Any CPU
		{E7EB388A-039D-45D7-A0F7-73BF309CACA3}.Debug|Any CPU.Build.0 = Debug|Any CPU
		{E7EB388A-039D-45D7-A0F7-73BF309CACA3}.Release|Any CPU.ActiveCfg = Release|Any CPU
		{E7EB388A-039D-45D7-A0F7-73BF309CACA3}.Release|Any CPU.Build.0 = Release|Any CPU
		{58DD6EF4-6383-486E-9414-B1C771C4ABE9}.Debug|Any CPU.ActiveCfg = Debug|Any CPU
		{58DD6EF4-6383-486E-9414-B1C771C4ABE9}.Debug|Any CPU.Build.0 = Debug|Any CPU
		{58DD6EF4-6383-486E-9414-B1C771C4ABE9}.Release|Any CPU.ActiveCfg = Release|Any CPU
		{58DD6EF4-6383-486E-9414-B1C771C4ABE9}.Release|Any CPU.Build.0 = Release|Any CPU
		{93FC5321-579D-4170-B90B-4FD8E30F1E51}.Debug|Any CPU.ActiveCfg = Debug|Any CPU
		{93FC5321-579D-4170-B90B-4FD8E30F1E51}.Debug|Any CPU.Build.0 = Debug|Any CPU
		{93FC5321-579D-4170-B90B-4FD8E30F1E51}.Release|Any CPU.ActiveCfg = Release|Any CPU
		{93FC5321-579D-4170-B90B-4FD8E30F1E51}.Release|Any CPU.Build.0 = Release|Any CPU
		{2740FA32-2940-497E-914A-E3484DC123C4}.Debug|Any CPU.ActiveCfg = Debug|Any CPU
		{2740FA32-2940-497E-914A-E3484DC123C4}.Debug|Any CPU.Build.0 = Debug|Any CPU
		{2740FA32-2940-497E-914A-E3484DC123C4}.Release|Any CPU.ActiveCfg = Release|Any CPU
		{2740FA32-2940-497E-914A-E3484DC123C4}.Release|Any CPU.Build.0 = Release|Any CPU
		{ECBC2697-7143-49C3-BB7A-B066311D6F5A}.Debug|Any CPU.ActiveCfg = Debug|Any CPU
		{ECBC2697-7143-49C3-BB7A-B066311D6F5A}.Debug|Any CPU.Build.0 = Debug|Any CPU
		{ECBC2697-7143-49C3-BB7A-B066311D6F5A}.Release|Any CPU.ActiveCfg = Release|Any CPU
		{ECBC2697-7143-49C3-BB7A-B066311D6F5A}.Release|Any CPU.Build.0 = Release|Any CPU
		{8BD21D07-40A6-488A-9540-B6E9EBFF6E07}.Debug|Any CPU.ActiveCfg = Debug|Any CPU
		{8BD21D07-40A6-488A-9540-B6E9EBFF6E07}.Debug|Any CPU.Build.0 = Debug|Any CPU
		{8BD21D07-40A6-488A-9540-B6E9EBFF6E07}.Release|Any CPU.ActiveCfg = Release|Any CPU
		{8BD21D07-40A6-488A-9540-B6E9EBFF6E07}.Release|Any CPU.Build.0 = Release|Any CPU
	EndGlobalSection
	GlobalSection(SolutionProperties) = preSolution
		HideSolutionNode = FALSE
	EndGlobalSection
	GlobalSection(NestedProjects) = preSolution
		{E90BB52D-4880-47A6-9B4D-4E3BBCEF9CB8} = {B0C708B7-3579-4376-9BDC-C101DE0D0A08}
		{7EEBD54A-D31F-4F45-8954-7F6D54CEBCFD} = {B0C708B7-3579-4376-9BDC-C101DE0D0A08}
		{4F1EEC04-23DE-445B-8709-41A0B28A945F} = {B0C708B7-3579-4376-9BDC-C101DE0D0A08}
		{854E7C5D-08B8-443A-9FBE-E763174FE198} = {B0C708B7-3579-4376-9BDC-C101DE0D0A08}
		{E7EB388A-039D-45D7-A0F7-73BF309CACA3} = {7EEBD54A-D31F-4F45-8954-7F6D54CEBCFD}
		{58DD6EF4-6383-486E-9414-B1C771C4ABE9} = {4F1EEC04-23DE-445B-8709-41A0B28A945F}
		{93FC5321-579D-4170-B90B-4FD8E30F1E51} = {4F1EEC04-23DE-445B-8709-41A0B28A945F}
		{2740FA32-2940-497E-914A-E3484DC123C4} = {854E7C5D-08B8-443A-9FBE-E763174FE198}
		{ECBC2697-7143-49C3-BB7A-B066311D6F5A} = {E90BB52D-4880-47A6-9B4D-4E3BBCEF9CB8}
		{8BD21D07-40A6-488A-9540-B6E9EBFF6E07} = {E90BB52D-4880-47A6-9B4D-4E3BBCEF9CB8}
	EndGlobalSection
	GlobalSection(ExtensibilityGlobals) = postSolution
		SolutionGuid = {7F5F653B-8623-48B5-ADC5-A7F483BE481B}
	EndGlobalSection
EndGlobal
